
Microsoft Visual Studio Solution File, Format Version 11.00
# Visual Studio 2010
Project("{FAE04EC0-301F-11D3-BF4B-00C04F79EFBC}") = "Assembly-CSharp", "Assembly-CSharp.csproj", "{2a59bb01-ca5b-5cc6-a9a3-5eb23e801543}"
EndProject
Project("{FAE04EC0-301F-11D3-BF4B-00C04F79EFBC}") = "NavMeshComponents", "NavMeshComponents.csproj", "{ef6f0c88-8af0-386a-a33a-99ebccdc4434}"
EndProject
Project("{FAE04EC0-301F-11D3-BF4B-00C04F79EFBC}") = "Assembly-CSharp-firstpass", "Assembly-CSharp-firstpass.csproj", "{674f76a2-fd1a-121f-de43-05a59652a3f5}"
EndProject
Project("{FAE04EC0-301F-11D3-BF4B-00C04F79EFBC}") = "Assembly-CSharp-Editor", "Assembly-CSharp-Editor.csproj", "{e463d330-88e7-a87d-378f-d62943795932}"
EndProject
Project("{FAE04EC0-301F-11D3-BF4B-00C04F79EFBC}") = "NavMeshComponentsEditor", "NavMeshComponentsEditor.csproj", "{325ec536-49dc-fc60-7fc4-37fa8d3c1b41}"
EndProject
Global
	GlobalSection(SolutionConfigurationPlatforms) = preSolution
		Debug|Any CPU = Debug|Any CPU
		Release|Any CPU = Release|Any CPU
	EndGlobalSection
	GlobalSection(ProjectConfigurationPlatforms) = postSolution
		{2a59bb01-ca5b-5cc6-a9a3-5eb23e801543}.Debug|Any CPU.ActiveCfg = Debug|Any CPU
		{2a59bb01-ca5b-5cc6-a9a3-5eb23e801543}.Debug|Any CPU.Build.0 = Debug|Any CPU
		{2a59bb01-ca5b-5cc6-a9a3-5eb23e801543}.Release|Any CPU.ActiveCfg = Release|Any CPU
		{2a59bb01-ca5b-5cc6-a9a3-5eb23e801543}.Release|Any CPU.Build.0 = Release|Any CPU
		{ef6f0c88-8af0-386a-a33a-99ebccdc4434}.Debug|Any CPU.ActiveCfg = Debug|Any CPU
		{ef6f0c88-8af0-386a-a33a-99ebccdc4434}.Debug|Any CPU.Build.0 = Debug|Any CPU
		{ef6f0c88-8af0-386a-a33a-99ebccdc4434}.Release|Any CPU.ActiveCfg = Release|Any CPU
		{ef6f0c88-8af0-386a-a33a-99ebccdc4434}.Release|Any CPU.Build.0 = Release|Any CPU
		{674f76a2-fd1a-121f-de43-05a59652a3f5}.Debug|Any CPU.ActiveCfg = Debug|Any CPU
		{674f76a2-fd1a-121f-de43-05a59652a3f5}.Debug|Any CPU.Build.0 = Debug|Any CPU
		{674f76a2-fd1a-121f-de43-05a59652a3f5}.Release|Any CPU.ActiveCfg = Release|Any CPU
		{674f76a2-fd1a-121f-de43-05a59652a3f5}.Release|Any CPU.Build.0 = Release|Any CPU
		{e463d330-88e7-a87d-378f-d62943795932}.Debug|Any CPU.ActiveCfg = Debug|Any CPU
		{e463d330-88e7-a87d-378f-d62943795932}.Debug|Any CPU.Build.0 = Debug|Any CPU
		{e463d330-88e7-a87d-378f-d62943795932}.Release|Any CPU.ActiveCfg = Release|Any CPU
		{e463d330-88e7-a87d-378f-d62943795932}.Release|Any CPU.Build.0 = Release|Any CPU
		{325ec536-49dc-fc60-7fc4-37fa8d3c1b41}.Debug|Any CPU.ActiveCfg = Debug|Any CPU
		{325ec536-49dc-fc60-7fc4-37fa8d3c1b41}.Debug|Any CPU.Build.0 = Debug|Any CPU
		{325ec536-49dc-fc60-7fc4-37fa8d3c1b41}.Release|Any CPU.ActiveCfg = Release|Any CPU
		{325ec536-49dc-fc60-7fc4-37fa8d3c1b41}.Release|Any CPU.Build.0 = Release|Any CPU
	EndGlobalSection
	GlobalSection(SolutionProperties) = preSolution
		HideSolutionNode = FALSE
	EndGlobalSection
EndGlobal
